
Microsoft Visual Studio Solution File, Format Version 12.00
# Visual Studio 2012
Project("{FAE04EC0-301F-11D3-BF4B-00C04F79EFBC}") = "AsteroidsAttempt2", "AsteroidsAttempt2\AsteroidsAttempt2.csproj", "{CCD4A2D1-142E-4A3F-8CF7-9BDC3D8CD3CF}"
EndProject
Global
	GlobalSection(SolutionConfigurationPlatforms) = preSolution
		Debug|Any CPU = Debug|Any CPU
		Release|Any CPU = Release|Any CPU
	EndGlobalSection
	GlobalSection(ProjectConfigurationPlatforms) = postSolution
		{CCD4A2D1-142E-4A3F-8CF7-9BDC3D8CD3CF}.Debug|Any CPU.ActiveCfg = Debug|Any CPU
		{CCD4A2D1-142E-4A3F-8CF7-9BDC3D8CD3CF}.Debug|Any CPU.Build.0 = Debug|Any CPU
		{CCD4A2D1-142E-4A3F-8CF7-9BDC3D8CD3CF}.Release|Any CPU.ActiveCfg = Release|Any CPU
		{CCD4A2D1-142E-4A3F-8CF7-9BDC3D8CD3CF}.Release|Any CPU.Build.0 = Release|Any CPU
	EndGlobalSection
	GlobalSection(SolutionProperties) = preSolution
		HideSolutionNode = FALSE
	EndGlobalSection
EndGlobal
